
Microsoft Visual Studio Solution File, Format Version 12.00
# Visual Studio Version 17
VisualStudioVersion = 17.9.34622.214
MinimumVisualStudioVersion = 10.0.40219.1
Project("{FAE04EC0-301F-11D3-BF4B-00C04F79EFBC}") = "laba 3 word skills", "laba 3 word skills\laba 3 word skills.csproj", "{AE7E28F7-EA81-44BA-B8F3-CAF70192FFB0}"
EndProject
Global
	GlobalSection(SolutionConfigurationPlatforms) = preSolution
		Debug|Any CPU = Debug|Any CPU
		Release|Any CPU = Release|Any CPU
	EndGlobalSection
	GlobalSection(ProjectConfigurationPlatforms) = postSolution
		{AE7E28F7-EA81-44BA-B8F3-CAF70192FFB0}.Debug|Any CPU.ActiveCfg = Debug|Any CPU
		{AE7E28F7-EA81-44BA-B8F3-CAF70192FFB0}.Debug|Any CPU.Build.0 = Debug|Any CPU
		{AE7E28F7-EA81-44BA-B8F3-CAF70192FFB0}.Release|Any CPU.ActiveCfg = Release|Any CPU
		{AE7E28F7-EA81-44BA-B8F3-CAF70192FFB0}.Release|Any CPU.Build.0 = Release|Any CPU
	EndGlobalSection
	GlobalSection(SolutionProperties) = preSolution
		HideSolutionNode = FALSE
	EndGlobalSection
	GlobalSection(ExtensibilityGlobals) = postSolution
		SolutionGuid = {5B7B16E3-B0DC-4A86-8EF1-821F66D7BE96}
	EndGlobalSection
EndGlobal
